
Microsoft Visual Studio Solution File, Format Version 12.00
Project("{FAE04EC0-301F-11D3-BF4B-00C04F79EFBC}") = "AllOne", "AllOne\AllOne.csproj", "{D42B0124-5C2D-4745-B986-0AD5EA072A03}"
EndProject
Project("{FAE04EC0-301F-11D3-BF4B-00C04F79EFBC}") = "AllOneTest", "AllOneTest\AllOneTest.csproj", "{DB3287B6-A6B2-4B07-AE69-3300884A5D68}"
EndProject
Global
	GlobalSection(SolutionConfigurationPlatforms) = preSolution
		Debug|Any CPU = Debug|Any CPU
		Release|Any CPU = Release|Any CPU
	EndGlobalSection
	GlobalSection(ProjectConfigurationPlatforms) = postSolution
		{D42B0124-5C2D-4745-B986-0AD5EA072A03}.Debug|Any CPU.ActiveCfg = Debug|Any CPU
		{D42B0124-5C2D-4745-B986-0AD5EA072A03}.Debug|Any CPU.Build.0 = Debug|Any CPU
		{D42B0124-5C2D-4745-B986-0AD5EA072A03}.Release|Any CPU.ActiveCfg = Release|Any CPU
		{D42B0124-5C2D-4745-B986-0AD5EA072A03}.Release|Any CPU.Build.0 = Release|Any CPU
		{DB3287B6-A6B2-4B07-AE69-3300884A5D68}.Debug|Any CPU.ActiveCfg = Debug|Any CPU
		{DB3287B6-A6B2-4B07-AE69-3300884A5D68}.Debug|Any CPU.Build.0 = Debug|Any CPU
		{DB3287B6-A6B2-4B07-AE69-3300884A5D68}.Release|Any CPU.ActiveCfg = Release|Any CPU
		{DB3287B6-A6B2-4B07-AE69-3300884A5D68}.Release|Any CPU.Build.0 = Release|Any CPU
	EndGlobalSection
EndGlobal
